# This file is autogenerated, do not edit; changes may be undone by the next 'dep ensure'.


[[projects]]
  name = "github.com/zevdg/vgo-b"
  packages = ["."]
  revision = "45ba0a272dc584d2700bc6f7aec42e8f7dfc7f5d"
  version = "v0.0.2"

[solve-meta]
  analyzer-name = "dep"
  analyzer-version = 1
  inputs-digest = "60eb313b7202f1ad556d25b33456ce7a111ffba867ee5131e864251cdb8cdd7a"
  solver-name = "gps-cdcl"
  solver-version = 1
